
Microsoft Visual Studio Solution File, Format Version 12.00
# Visual Studio Version 17
VisualStudioVersion = 17.8.34330.188
MinimumVisualStudioVersion = 10.0.40219.1
Project("{FAE04EC0-301F-11D3-BF4B-00C04F79EFBC}") = "Saper", "Saper\Saper.csproj", "{F32FB8B0-EF73-491D-ABF0-5113228CA2B8}"
EndProject
Global
	GlobalSection(SolutionConfigurationPlatforms) = preSolution
		Debug|Any CPU = Debug|Any CPU
		Release|Any CPU = Release|Any CPU
	EndGlobalSection
	GlobalSection(ProjectConfigurationPlatforms) = postSolution
		{F32FB8B0-EF73-491D-ABF0-5113228CA2B8}.Debug|Any CPU.ActiveCfg = Debug|Any CPU
		{F32FB8B0-EF73-491D-ABF0-5113228CA2B8}.Debug|Any CPU.Build.0 = Debug|Any CPU
		{F32FB8B0-EF73-491D-ABF0-5113228CA2B8}.Release|Any CPU.ActiveCfg = Release|Any CPU
		{F32FB8B0-EF73-491D-ABF0-5113228CA2B8}.Release|Any CPU.Build.0 = Release|Any CPU
	EndGlobalSection
	GlobalSection(SolutionProperties) = preSolution
		HideSolutionNode = FALSE
	EndGlobalSection
	GlobalSection(ExtensibilityGlobals) = postSolution
		SolutionGuid = {95314171-43E4-4020-9AED-EFA41EEDD64C}
	EndGlobalSection
EndGlobal
